// !$*UTF8*$!
{
	archiveVersion = 1;
	classes = {
	};
	objectVersion = 46;
	objects = {

/* Begin PBXBuildFile section */
		8FE2E6B2A366CD08F45DE56F /* Pods_SwiftImageViewApp.framework in Frameworks */ = {isa = PBXBuildFile; fileRef = 957167F81648370CE514D426 /* Pods_SwiftImageViewApp.framework */; };
		BDB4444A1DBF52CD007CD26C /* AppDelegate.swift in Sources */ = {isa = PBXBuildFile; fileRef = BDB444491DBF52CD007CD26C /* AppDelegate.swift */; };
		BDB4444C1DBF52CD007CD26C /* ViewController.swift in Sources */ = {isa = PBXBuildFile; fileRef = BDB4444B1DBF52CD007CD26C /* ViewController.swift */; };
		BDB4444F1DBF52CD007CD26C /* Main.storyboard in Resources */ = {isa = PBXBuildFile; fileRef = BDB4444D1DBF52CD007CD26C /* Main.storyboard */; };
		BDB444511DBF52CD007CD26C /* Assets.xcassets in Resources */ = {isa = PBXBuildFile; fileRef = BDB444501DBF52CD007CD26C /* Assets.xcassets */; };
		BDB444541DBF52CD007CD26C /* LaunchScreen.storyboard in Resources */ = {isa = PBXBuildFile; fileRef = BDB444521DBF52CD007CD26C /* LaunchScreen.storyboard */; };
/* End PBXBuildFile section */

/* Begin PBXFileReference section */
		957167F81648370CE514D426 /* Pods_SwiftImageViewApp.framework */ = {isa = PBXFileReference; explicitFileType = wrapper.framework; includeInIndex = 0; path = Pods_SwiftImageViewApp.framework; sourceTree = BUILT_PRODUCTS_DIR; };
		A11944EA94C7E8049516C71D /* Pods-SwiftImageViewApp.debug.xcconfig */ = {isa = PBXFileReference; includeInIndex = 1; lastKnownFileType = text.xcconfig; name = "Pods-SwiftImageViewApp.debug.xcconfig"; path = "Pods/Target Support Files/Pods-SwiftImageViewApp/Pods-SwiftImageViewApp.debug.xcconfig"; sourceTree = "<group>"; };
		BDB444461DBF52CD007CD26C /* SwiftImageViewApp.app */ = {isa = PBXFileReference; explicitFileType = wrapper.application; includeInIndex = 0; path = SwiftImageViewApp.app; sourceTree = BUILT_PRODUCTS_DIR; };
		BDB444491DBF52CD007CD26C /* AppDelegate.swift */ = {isa = PBXFileReference; lastKnownFileType = sourcecode.swift; path = AppDelegate.swift; sourceTree = "<group>"; };
		BDB4444B1DBF52CD007CD26C /* ViewController.swift */ = {isa = PBXFileReference; lastKnownFileType = sourcecode.swift; path = ViewController.swift; sourceTree = "<group>"; };
		BDB4444E1DBF52CD007CD26C /* Base */ = {isa = PBXFileReference; lastKnownFileType = file.storyboard; name = Base; path = Base.lproj/Main.storyboard; sourceTree = "<group>"; };
		BDB444501DBF52CD007CD26C /* Assets.xcassets */ = {isa = PBXFileReference; lastKnownFileType = folder.assetcatalog; path = Assets.xcassets; sourceTree = "<group>"; };
		BDB444531DBF52CD007CD26C /* Base */ = {isa = PBXFileReference; lastKnownFileType = file.storyboard; name = Base; path = Base.lproj/LaunchScreen.storyboard; sourceTree = "<group>"; };
		BDB444551DBF52CD007CD26C /* Info.plist */ = {isa = PBXFileReference; lastKnownFileType = text.plist.xml; path = Info.plist; sourceTree = "<group>"; };
		F8F3DC880CF80096E7A7282E /* Pods-SwiftImageViewApp.release.xcconfig */ = {isa = PBXFileReference; includeInIndex = 1; lastKnownFileType = text.xcconfig; name = "Pods-SwiftImageViewApp.release.xcconfig"; path = "Pods/Target Support Files/Pods-SwiftImageViewApp/Pods-SwiftImageViewApp.release.xcconfig"; sourceTree = "<group>"; };
/* End PBXFileReference section */

/* Begin PBXFrameworksBuildPhase section */
		BDB444431DBF52CD007CD26C /* Frameworks */ = {
			isa = PBXFrameworksBuildPhase;
			buildActionMask = 2147483647;
			files = (
				8FE2E6B2A366CD08F45DE56F /* Pods_SwiftImageViewApp.framework in Frameworks */,
			);
			runOnlyForDeploymentPostprocessing = 0;
		};
/* End PBXFrameworksBuildPhase section */

/* Begin PBXGroup section */
		20D985568E93F82C47E8A7E1 /* Pods */ = {
			isa = PBXGroup;
			children = (
				A11944EA94C7E8049516C71D /* Pods-SwiftImageViewApp.debug.xcconfig */,
				F8F3DC880CF80096E7A7282E /* Pods-SwiftImageViewApp.release.xcconfig */,
			);
			name = Pods;
			sourceTree = "<group>";
		};
		BDB4443D1DBF52CD007CD26C = {
			isa = PBXGroup;
			children = (
				BDB444481DBF52CD007CD26C /* SwiftImageViewApp */,
				BDB444471DBF52CD007CD26C /* Products */,
				20D985568E93F82C47E8A7E1 /* Pods */,
				DAB3A54EC81DA6D18826BEB5 /* Frameworks */,
			);
			sourceTree = "<group>";
		};
		BDB444471DBF52CD007CD26C /* Products */ = {
			isa = PBXGroup;
			children = (
				BDB444461DBF52CD007CD26C /* SwiftImageViewApp.app */,
			);
			name = Products;
			sourceTree = "<group>";
		};
		BDB444481DBF52CD007CD26C /* SwiftImageViewApp */ = {
			isa = PBXGroup;
			children = (
				BDB444491DBF52CD007CD26C /* AppDelegate.swift */,
				BDB4444B1DBF52CD007CD26C /* ViewController.swift */,
				BDB4444D1DBF52CD007CD26C /* Main.storyboard */,
				BDB444501DBF52CD007CD26C /* Assets.xcassets */,
				BDB444521DBF52CD007CD26C /* LaunchScreen.storyboard */,
				BDB444551DBF52CD007CD26C /* Info.plist */,
			);
			path = SwiftImageViewApp;
			sourceTree = "<group>";
		};
		DAB3A54EC81DA6D18826BEB5 /* Frameworks */ = {
			isa = PBXGroup;
			children = (
				957167F81648370CE514D426 /* Pods_SwiftImageViewApp.framework */,
			);
			name = Frameworks;
			sourceTree = "<group>";
		};
/* End PBXGroup section */

/* Begin PBXNativeTarget section */
		BDB444451DBF52CD007CD26C /* SwiftImageViewApp */ = {
			isa = PBXNativeTarget;
			buildConfigurationList = BDB444581DBF52CD007CD26C /* Build configuration list for PBXNativeTarget "SwiftImageViewApp" */;
			buildPhases = (
				6F6E253801992A77D974B098 /* 📦 Check Pods Manifest.lock */,
				BDB444421DBF52CD007CD26C /* Sources */,
				BDB444431DBF52CD007CD26C /* Frameworks */,
				BDB444441DBF52CD007CD26C /* Resources */,
				B4927682834580B50424A6AE /* 📦 Embed Pods Frameworks */,
				C22DC11DB5BD9DF99277B223 /* 📦 Copy Pods Resources */,
			);
			buildRules = (
			);
			dependencies = (
			);
			name = SwiftImageViewApp;
			productName = SwiftImageViewApp;
			productReference = BDB444461DBF52CD007CD26C /* SwiftImageViewApp.app */;
			productType = "com.apple.product-type.application";
		};
/* End PBXNativeTarget section */

/* Begin PBXProject section */
		BDB4443E1DBF52CD007CD26C /* Project object */ = {
			isa = PBXProject;
			attributes = {
				LastSwiftUpdateCheck = 0800;
				LastUpgradeCheck = 0800;
				ORGANIZATIONNAME = "FUJITSU CLOUD TECHNOLOGIES LIMITED";
				TargetAttributes = {
					BDB444451DBF52CD007CD26C = {
						CreatedOnToolsVersion = 8.0;
						ProvisioningStyle = Automatic;
					};
				};
			};
			buildConfigurationList = BDB444411DBF52CD007CD26C /* Build configuration list for PBXProject "SwiftImageViewApp" */;
			compatibilityVersion = "Xcode 3.2";
			developmentRegion = English;
			hasScannedForEncodings = 0;
			knownRegions = (
				en,
				Base,
			);
			mainGroup = BDB4443D1DBF52CD007CD26C;
			productRefGroup = BDB444471DBF52CD007CD26C /* Products */;
			projectDirPath = "";
			projectRoot = "";
			targets = (
				BDB444451DBF52CD007CD26C /* SwiftImageViewApp */,
			);
		};
/* End PBXProject section */

/* Begin PBXResourcesBuildPhase section */
		BDB444441DBF52CD007CD26C /* Resources */ = {
			isa = PBXResourcesBuildPhase;
			buildActionMask = 2147483647;
			files = (
				BDB444541DBF52CD007CD26C /* LaunchScreen.storyboard in Resources */,
				BDB444511DBF52CD007CD26C /* Assets.xcassets in Resources */,
				BDB4444F1DBF52CD007CD26C /* Main.storyboard in Resources */,
			);
			runOnlyForDeploymentPostprocessing = 0;
		};
/* End PBXResourcesBuildPhase section */

/* Begin PBXShellScriptBuildPhase section */
		6F6E253801992A77D974B098 /* 📦 Check Pods Manifest.lock */ = {
			isa = PBXShellScriptBuildPhase;
			buildActionMask = 2147483647;
			files = (
			);
			inputPaths = (
			);
			name = "📦 Check Pods Manifest.lock";
			outputPaths = (
			);
			runOnlyForDeploymentPostprocessing = 0;
			shellPath = /bin/sh;
			shellScript = "diff \"${PODS_ROOT}/../Podfile.lock\" \"${PODS_ROOT}/Manifest.lock\" > /dev/null\nif [[ $? != 0 ]] ; then\n    cat << EOM\nerror: The sandbox is not in sync with the Podfile.lock. Run 'pod install' or update your CocoaPods installation.\nEOM\n    exit 1\nfi\n";
			showEnvVarsInLog = 0;
		};
		B4927682834580B50424A6AE /* 📦 Embed Pods Frameworks */ = {
			isa = PBXShellScriptBuildPhase;
			buildActionMask = 2147483647;
			files = (
			);
			inputPaths = (
			);
			name = "📦 Embed Pods Frameworks";
			outputPaths = (
			);
			runOnlyForDeploymentPostprocessing = 0;
			shellPath = /bin/sh;
			shellScript = "\"${SRCROOT}/Pods/Target Support Files/Pods-SwiftImageViewApp/Pods-SwiftImageViewApp-frameworks.sh\"\n";
			showEnvVarsInLog = 0;
		};
		C22DC11DB5BD9DF99277B223 /* 📦 Copy Pods Resources */ = {
			isa = PBXShellScriptBuildPhase;
			buildActionMask = 2147483647;
			files = (
			);
			inputPaths = (
			);
			name = "📦 Copy Pods Resources";
			outputPaths = (
			);
			runOnlyForDeploymentPostprocessing = 0;
			shellPath = /bin/sh;
			shellScript = "\"${SRCROOT}/Pods/Target Support Files/Pods-SwiftImageViewApp/Pods-SwiftImageViewApp-resources.sh\"\n";
			showEnvVarsInLog = 0;
		};
/* End PBXShellScriptBuildPhase section */

/* Begin PBXSourcesBuildPhase section */
		BDB444421DBF52CD007CD26C /* Sources */ = {
			isa = PBXSourcesBuildPhase;
			buildActionMask = 2147483647;
			files = (
				BDB4444C1DBF52CD007CD26C /* ViewController.swift in Sources */,
				BDB4444A1DBF52CD007CD26C /* AppDelegate.swift in Sources */,
			);
			runOnlyForDeploymentPostprocessing = 0;
		};
/* End PBXSourcesBuildPhase section */

/* Begin PBXVariantGroup section */
		BDB4444D1DBF52CD007CD26C /* Main.storyboard */ = {
			isa = PBXVariantGroup;
			children = (
				BDB4444E1DBF52CD007CD26C /* Base */,
			);
			name = Main.storyboard;
			sourceTree = "<group>";
		};
		BDB444521DBF52CD007CD26C /* LaunchScreen.storyboard */ = {
			isa = PBXVariantGroup;
			children = (
				BDB444531DBF52CD007CD26C /* Base */,
			);
			name = LaunchScreen.storyboard;
			sourceTree = "<group>";
		};
/* End PBXVariantGroup section */

/* Begin XCBuildConfiguration section */
		BDB444561DBF52CD007CD26C /* Debug */ = {
			isa = XCBuildConfiguration;
			buildSettings = {
				ALWAYS_SEARCH_USER_PATHS = NO;
				CLANG_ANALYZER_NONNULL = YES;
				CLANG_CXX_LANGUAGE_STANDARD = "gnu++0x";
				CLANG_CXX_LIBRARY = "libc++";
				CLANG_ENABLE_MODULES = YES;
				CLANG_ENABLE_OBJC_ARC = YES;
				CLANG_WARN_BOOL_CONVERSION = YES;
				CLANG_WARN_CONSTANT_CONVERSION = YES;
				CLANG_WARN_DIRECT_OBJC_ISA_USAGE = YES_ERROR;
				CLANG_WARN_DOCUMENTATION_COMMENTS = YES;
				CLANG_WARN_EMPTY_BODY = YES;
				CLANG_WARN_ENUM_CONVERSION = YES;
				CLANG_WARN_INFINITE_RECURSION = YES;
				CLANG_WARN_INT_CONVERSION = YES;
				CLANG_WARN_OBJC_ROOT_CLASS = YES_ERROR;
				CLANG_WARN_SUSPICIOUS_MOVES = YES;
				CLANG_WARN_UNREACHABLE_CODE = YES;
				CLANG_WARN__DUPLICATE_METHOD_MATCH = YES;
				"CODE_SIGN_IDENTITY[sdk=iphoneos*]" = "iPhone Developer";
				COPY_PHASE_STRIP = NO;
				DEBUG_INFORMATION_FORMAT = dwarf;
				ENABLE_STRICT_OBJC_MSGSEND = YES;
				ENABLE_TESTABILITY = YES;
				GCC_C_LANGUAGE_STANDARD = gnu99;
				GCC_DYNAMIC_NO_PIC = NO;
				GCC_NO_COMMON_BLOCKS = YES;
				GCC_OPTIMIZATION_LEVEL = 0;
				GCC_PREPROCESSOR_DEFINITIONS = (
					"DEBUG=1",
					"$(inherited)",
				);
				GCC_WARN_64_TO_32_BIT_CONVERSION = YES;
				GCC_WARN_ABOUT_RETURN_TYPE = YES_ERROR;
				GCC_WARN_UNDECLARED_SELECTOR = YES;
				GCC_WARN_UNINITIALIZED_AUTOS = YES_AGGRESSIVE;
				GCC_WARN_UNUSED_FUNCTION = YES;
				GCC_WARN_UNUSED_VARIABLE = YES;
				IPHONEOS_DEPLOYMENT_TARGET = 10.0;
				MTL_ENABLE_DEBUG_INFO = YES;
				ONLY_ACTIVE_ARCH = YES;
				SDKROOT = iphoneos;
				SWIFT_ACTIVE_COMPILATION_CONDITIONS = DEBUG;
				SWIFT_OPTIMIZATION_LEVEL = "-Onone";
				TARGETED_DEVICE_FAMILY = "1,2";
			};
			name = Debug;
		};
		BDB444571DBF52CD007CD26C /* Release */ = {
			isa = XCBuildConfiguration;
			buildSettings = {
				ALWAYS_SEARCH_USER_PATHS = NO;
				CLANG_ANALYZER_NONNULL = YES;
				CLANG_CXX_LANGUAGE_STANDARD = "gnu++0x";
				CLANG_CXX_LIBRARY = "libc++";
				CLANG_ENABLE_MODULES = YES;
				CLANG_ENABLE_OBJC_ARC = YES;
				CLANG_WARN_BOOL_CONVERSION = YES;
				CLANG_WARN_CONSTANT_CONVERSION = YES;
				CLANG_WARN_DIRECT_OBJC_ISA_USAGE = YES_ERROR;
				CLANG_WARN_DOCUMENTATION_COMMENTS = YES;
				CLANG_WARN_EMPTY_BODY = YES;
				CLANG_WARN_ENUM_CONVERSION = YES;
				CLANG_WARN_INFINITE_RECURSION = YES;
				CLANG_WARN_INT_CONVERSION = YES;
				CLANG_WARN_OBJC_ROOT_CLASS = YES_ERROR;
				CLANG_WARN_SUSPICIOUS_MOVES = YES;
				CLANG_WARN_UNREACHABLE_CODE = YES;
				CLANG_WARN__DUPLICATE_METHOD_MATCH = YES;
				"CODE_SIGN_IDENTITY[sdk=iphoneos*]" = "iPhone Developer";
				COPY_PHASE_STRIP = NO;
				DEBUG_INFORMATION_FORMAT = "dwarf-with-dsym";
				ENABLE_NS_ASSERTIONS = NO;
				ENABLE_STRICT_OBJC_MSGSEND = YES;
				GCC_C_LANGUAGE_STANDARD = gnu99;
				GCC_NO_COMMON_BLOCKS = YES;
				GCC_WARN_64_TO_32_BIT_CONVERSION = YES;
				GCC_WARN_ABOUT_RETURN_TYPE = YES_ERROR;
				GCC_WARN_UNDECLARED_SELECTOR = YES;
				GCC_WARN_UNINITIALIZED_AUTOS = YES_AGGRESSIVE;
				GCC_WARN_UNUSED_FUNCTION = YES;
				GCC_WARN_UNUSED_VARIABLE = YES;
				IPHONEOS_DEPLOYMENT_TARGET = 10.0;
				MTL_ENABLE_DEBUG_INFO = NO;
				SDKROOT = iphoneos;
				SWIFT_OPTIMIZATION_LEVEL = "-Owholemodule";
				TARGETED_DEVICE_FAMILY = "1,2";
				VALIDATE_PRODUCT = YES;
			};
			name = Release;
		};
		BDB444591DBF52CD007CD26C /* Debug */ = {
			isa = XCBuildConfiguration;
			baseConfigurationReference = A11944EA94C7E8049516C71D /* Pods-SwiftImageViewApp.debug.xcconfig */;
			buildSettings = {
				ASSETCATALOG_COMPILER_APPICON_NAME = AppIcon;
				INFOPLIST_FILE = SwiftImageViewApp/Info.plist;
				LD_RUNPATH_SEARCH_PATHS = "$(inherited) @executable_path/Frameworks";
				PRODUCT_BUNDLE_IDENTIFIER = com.mobilebackend.nifcloud.SwiftImageViewApp;
				PRODUCT_NAME = "$(TARGET_NAME)";
				SWIFT_VERSION = 4.2;
			};
			name = Debug;
		};
		BDB4445A1DBF52CD007CD26C /* Release */ = {
			isa = XCBuildConfiguration;
			baseConfigurationReference = F8F3DC880CF80096E7A7282E /* Pods-SwiftImageViewApp.release.xcconfig */;
			buildSettings = {
				ASSETCATALOG_COMPILER_APPICON_NAME = AppIcon;
				INFOPLIST_FILE = SwiftImageViewApp/Info.plist;
				LD_RUNPATH_SEARCH_PATHS = "$(inherited) @executable_path/Frameworks";
				PRODUCT_BUNDLE_IDENTIFIER = com.mobilebackend.nifcloud.SwiftImageViewApp;
				PRODUCT_NAME = "$(TARGET_NAME)";
				SWIFT_VERSION = 4.2;
			};
			name = Release;
		};
/* End XCBuildConfiguration section */

/* Begin XCConfigurationList section */
		BDB444411DBF52CD007CD26C /* Build configuration list for PBXProject "SwiftImageViewApp" */ = {
			isa = XCConfigurationList;
			buildConfigurations = (
				BDB444561DBF52CD007CD26C /* Debug */,
				BDB444571DBF52CD007CD26C /* Release */,
			);
			defaultConfigurationIsVisible = 0;
			defaultConfigurationName = Release;
		};
		BDB444581DBF52CD007CD26C /* Build configuration list for PBXNativeTarget "SwiftImageViewApp" */ = {
			isa = XCConfigurationList;
			buildConfigurations = (
				BDB444591DBF52CD007CD26C /* Debug */,
				BDB4445A1DBF52CD007CD26C /* Release */,
			);
			defaultConfigurationIsVisible = 0;
			defaultConfigurationName = Release;
		};
/* End XCConfigurationList section */
	};
	rootObject = BDB4443E1DBF52CD007CD26C /* Project object */;
}
